// !$*UTF8*$!
{
	archiveVersion = 1;
	classes = {
	};
	objectVersion = 56;
	objects = {

/* Begin PBXBuildFile section */
		D32444672B72B3770067E28B /* hedgehog_cookie_1.gif in Resources */ = {isa = PBXBuildFile; fileRef = D32444622B72B3770067E28B /* hedgehog_cookie_1.gif */; };
		D32444682B72B3770067E28B /* hedgehog_cookie_2.gif in Resources */ = {isa = PBXBuildFile; fileRef = D32444632B72B3770067E28B /* hedgehog_cookie_2.gif */; };
		D32444692B72B3770067E28B /* hedgehog_cookie_3.gif in Resources */ = {isa = PBXBuildFile; fileRef = D32444642B72B3770067E28B /* hedgehog_cookie_3.gif */; };
		D324446A2B72B3770067E28B /* hedgehog_cookie_4.gif in Resources */ = {isa = PBXBuildFile; fileRef = D32444652B72B3770067E28B /* hedgehog_cookie_4.gif */; };
		D324446B2B72B3770067E28B /* hedgehog_cookie_5.gif in Resources */ = {isa = PBXBuildFile; fileRef = D32444662B72B3770067E28B /* hedgehog_cookie_5.gif */; };
		D324446D2B72B3B80067E28B /* hedgehog_cookie_6.gif in Resources */ = {isa = PBXBuildFile; fileRef = D324446C2B72B3B80067E28B /* hedgehog_cookie_6.gif */; };
		D32444742B72B6DA0067E28B /* hedgehog_ramen_3.gif in Resources */ = {isa = PBXBuildFile; fileRef = D324446E2B72B6D90067E28B /* hedgehog_ramen_3.gif */; };
		D32444752B72B6DA0067E28B /* hedgehog_ramen_5.gif in Resources */ = {isa = PBXBuildFile; fileRef = D324446F2B72B6D90067E28B /* hedgehog_ramen_5.gif */; };
		D32444762B72B6DA0067E28B /* hedgehog_ramen_1.gif in Resources */ = {isa = PBXBuildFile; fileRef = D32444702B72B6D90067E28B /* hedgehog_ramen_1.gif */; };
		D32444772B72B6DA0067E28B /* hedgehog_ramen_6.gif in Resources */ = {isa = PBXBuildFile; fileRef = D32444712B72B6D90067E28B /* hedgehog_ramen_6.gif */; };
		D32444782B72B6DA0067E28B /* hedgehog_ramen_4.gif in Resources */ = {isa = PBXBuildFile; fileRef = D32444722B72B6D90067E28B /* hedgehog_ramen_4.gif */; };
		D32444792B72B6DA0067E28B /* hedgehog_ramen_2.gif in Resources */ = {isa = PBXBuildFile; fileRef = D32444732B72B6DA0067E28B /* hedgehog_ramen_2.gif */; };
		D32444812B72B6E10067E28B /* hedgehog_cake_5.gif in Resources */ = {isa = PBXBuildFile; fileRef = D324447A2B72B6E00067E28B /* hedgehog_cake_5.gif */; };
		D32444822B72B6E10067E28B /* hedgehog_cake_1.gif in Resources */ = {isa = PBXBuildFile; fileRef = D324447B2B72B6E00067E28B /* hedgehog_cake_1.gif */; };
		D32444832B72B6E10067E28B /* hedgehog_cake_4.gif in Resources */ = {isa = PBXBuildFile; fileRef = D324447C2B72B6E00067E28B /* hedgehog_cake_4.gif */; };
		D32444842B72B6E10067E28B /* hedgehog_cake_6.gif in Resources */ = {isa = PBXBuildFile; fileRef = D324447D2B72B6E00067E28B /* hedgehog_cake_6.gif */; };
		D32444852B72B6E10067E28B /* hedgehog_cake_3.gif in Resources */ = {isa = PBXBuildFile; fileRef = D324447E2B72B6E00067E28B /* hedgehog_cake_3.gif */; };
		D32444862B72B6E10067E28B /* hedgehog_cake_7.gif in Resources */ = {isa = PBXBuildFile; fileRef = D324447F2B72B6E10067E28B /* hedgehog_cake_7.gif */; };
		D32444872B72B6E10067E28B /* hedgehog_cake_2.gif in Resources */ = {isa = PBXBuildFile; fileRef = D32444802B72B6E10067E28B /* hedgehog_cake_2.gif */; };
		D324448D2B72C2D60067E28B /* SwiftUIGIFImage.swift in Sources */ = {isa = PBXBuildFile; fileRef = D324448C2B72C2D60067E28B /* SwiftUIGIFImage.swift */; };
		D32BA38B2B6D6C8F00CDB911 /* TimerPage.swift in Sources */ = {isa = PBXBuildFile; fileRef = D32BA38A2B6D6C8F00CDB911 /* TimerPage.swift */; };
		D32BA38F2B6D78A600CDB911 /* GIFImage.swift in Sources */ = {isa = PBXBuildFile; fileRef = D32BA38E2B6D78A600CDB911 /* GIFImage.swift */; };
		D32BA3962B6D79B500CDB911 /* hedgehog_pizza_3.gif in Resources */ = {isa = PBXBuildFile; fileRef = D32BA3902B6D79B500CDB911 /* hedgehog_pizza_3.gif */; };
		D32BA3972B6D79B500CDB911 /* hedgehog_pizza_5.gif in Resources */ = {isa = PBXBuildFile; fileRef = D32BA3912B6D79B500CDB911 /* hedgehog_pizza_5.gif */; };
		D32BA3982B6D79B500CDB911 /* hedgehog_pizza_6.gif in Resources */ = {isa = PBXBuildFile; fileRef = D32BA3922B6D79B500CDB911 /* hedgehog_pizza_6.gif */; };
		D32BA3992B6D79B500CDB911 /* hedgehog_pizza_2.gif in Resources */ = {isa = PBXBuildFile; fileRef = D32BA3932B6D79B500CDB911 /* hedgehog_pizza_2.gif */; };
		D32BA39A2B6D79B500CDB911 /* hedgehog_pizza_1.gif in Resources */ = {isa = PBXBuildFile; fileRef = D32BA3942B6D79B500CDB911 /* hedgehog_pizza_1.gif */; };
		D32BA39B2B6D79B500CDB911 /* hedgehog_pizza_4.gif in Resources */ = {isa = PBXBuildFile; fileRef = D32BA3952B6D79B500CDB911 /* hedgehog_pizza_4.gif */; };
		D35161C52B70EF5500722C56 /* Snack.swift in Sources */ = {isa = PBXBuildFile; fileRef = D35161C42B70EF5500722C56 /* Snack.swift */; };
		D35161C72B70EF7300722C56 /* Pet.swift in Sources */ = {isa = PBXBuildFile; fileRef = D35161C62B70EF7300722C56 /* Pet.swift */; };
		D36BF8FE2B6FA0EC00A753DA /* TimerViewModel.swift in Sources */ = {isa = PBXBuildFile; fileRef = D36BF8FD2B6FA0EC00A753DA /* TimerViewModel.swift */; };
		D36BF9002B6FE8E400A753DA /* CircularTimerView.swift in Sources */ = {isa = PBXBuildFile; fileRef = D36BF8FF2B6FE8E400A753DA /* CircularTimerView.swift */; };
		D3953B5F2B6D368A00D15B7B /* nomodoroApp.swift in Sources */ = {isa = PBXBuildFile; fileRef = D3953B5E2B6D368A00D15B7B /* nomodoroApp.swift */; };
		D3953B612B6D368A00D15B7B /* ContentView.swift in Sources */ = {isa = PBXBuildFile; fileRef = D3953B602B6D368A00D15B7B /* ContentView.swift */; };
		D3953B632B6D368F00D15B7B /* Assets.xcassets in Resources */ = {isa = PBXBuildFile; fileRef = D3953B622B6D368F00D15B7B /* Assets.xcassets */; };
		D3953B662B6D368F00D15B7B /* Preview Assets.xcassets in Resources */ = {isa = PBXBuildFile; fileRef = D3953B652B6D368F00D15B7B /* Preview Assets.xcassets */; };
		D3953B702B6D368F00D15B7B /* nomodoroTests.swift in Sources */ = {isa = PBXBuildFile; fileRef = D3953B6F2B6D368F00D15B7B /* nomodoroTests.swift */; };
		D3953B7A2B6D368F00D15B7B /* nomodoroUITests.swift in Sources */ = {isa = PBXBuildFile; fileRef = D3953B792B6D368F00D15B7B /* nomodoroUITests.swift */; };
		D3953B7C2B6D368F00D15B7B /* nomodoroUITestsLaunchTests.swift in Sources */ = {isa = PBXBuildFile; fileRef = D3953B7B2B6D368F00D15B7B /* nomodoroUITestsLaunchTests.swift */; };
		D3953B892B6D42EA00D15B7B /* SplashView.swift in Sources */ = {isa = PBXBuildFile; fileRef = D3953B882B6D42EA00D15B7B /* SplashView.swift */; };
		D3953BD02B6D4EBD00D15B7B /* Montserrat-ExtraLightItalic.ttf in Resources */ = {isa = PBXBuildFile; fileRef = D3953BC42B6D494900D15B7B /* Montserrat-ExtraLightItalic.ttf */; };
		D3953BD12B6D4EBD00D15B7B /* Montserrat-Medium.ttf in Resources */ = {isa = PBXBuildFile; fileRef = D3953BC62B6D494900D15B7B /* Montserrat-Medium.ttf */; };
		D3953BD22B6D4EBD00D15B7B /* Montserrat-ExtraLight.ttf in Resources */ = {isa = PBXBuildFile; fileRef = D3953BBE2B6D494800D15B7B /* Montserrat-ExtraLight.ttf */; };
		D3953BD32B6D4EBD00D15B7B /* Montserrat-ExtraBold.ttf in Resources */ = {isa = PBXBuildFile; fileRef = D3953BC82B6D494900D15B7B /* Montserrat-ExtraBold.ttf */; };
		D3953BD42B6D4EBD00D15B7B /* Montserrat-Regular.ttf in Resources */ = {isa = PBXBuildFile; fileRef = D3953BBF2B6D494900D15B7B /* Montserrat-Regular.ttf */; };
		D3953BD52B6D4EBD00D15B7B /* Montserrat-Light.ttf in Resources */ = {isa = PBXBuildFile; fileRef = D3953BC22B6D494900D15B7B /* Montserrat-Light.ttf */; };
		D3953BD62B6D4EBD00D15B7B /* Montserrat-Thin.ttf in Resources */ = {isa = PBXBuildFile; fileRef = D3953BCD2B6D494900D15B7B /* Montserrat-Thin.ttf */; };
		D3953BD72B6D4EBD00D15B7B /* Montserrat-MediumItalic.ttf in Resources */ = {isa = PBXBuildFile; fileRef = D3953BC02B6D494900D15B7B /* Montserrat-MediumItalic.ttf */; };
		D3953BD82B6D4EBD00D15B7B /* Montserrat-SemiBold.ttf in Resources */ = {isa = PBXBuildFile; fileRef = D3953BCA2B6D494900D15B7B /* Montserrat-SemiBold.ttf */; };
		D3953BD92B6D4EBD00D15B7B /* Montserrat-Bold.ttf in Resources */ = {isa = PBXBuildFile; fileRef = D3953BC52B6D494900D15B7B /* Montserrat-Bold.ttf */; };
		D3953BDA2B6D4EBD00D15B7B /* Montserrat-BoldItalic.ttf in Resources */ = {isa = PBXBuildFile; fileRef = D3953BC72B6D494900D15B7B /* Montserrat-BoldItalic.ttf */; };
		D3953BDB2B6D4EBD00D15B7B /* Montserrat-BlackItalic.ttf in Resources */ = {isa = PBXBuildFile; fileRef = D3953BCE2B6D494900D15B7B /* Montserrat-BlackItalic.ttf */; };
		D3953BDC2B6D4EBD00D15B7B /* Montserrat-ExtraBoldItalic.ttf in Resources */ = {isa = PBXBuildFile; fileRef = D3953BCB2B6D494900D15B7B /* Montserrat-ExtraBoldItalic.ttf */; };
		D3953BDD2B6D4EBD00D15B7B /* Montserrat-LightItalic.ttf in Resources */ = {isa = PBXBuildFile; fileRef = D3953BC12B6D494900D15B7B /* Montserrat-LightItalic.ttf */; };
		D3953BDE2B6D4EBD00D15B7B /* Montserrat-ThinItalic.ttf in Resources */ = {isa = PBXBuildFile; fileRef = D3953BC32B6D494900D15B7B /* Montserrat-ThinItalic.ttf */; };
		D3953BDF2B6D4EBD00D15B7B /* Montserrat-Black.ttf in Resources */ = {isa = PBXBuildFile; fileRef = D3953BC92B6D494900D15B7B /* Montserrat-Black.ttf */; };
		D3953BE02B6D4EBD00D15B7B /* Montserrat-Italic.ttf in Resources */ = {isa = PBXBuildFile; fileRef = D3953BCF2B6D494900D15B7B /* Montserrat-Italic.ttf */; };
		D3953BE12B6D4EBD00D15B7B /* Montserrat-SemiBoldItalic.ttf in Resources */ = {isa = PBXBuildFile; fileRef = D3953BCC2B6D494900D15B7B /* Montserrat-SemiBoldItalic.ttf */; };
		D3953BE72B6D5D2F00D15B7B /* SelectionItem.swift in Sources */ = {isa = PBXBuildFile; fileRef = D3953BE62B6D5D2F00D15B7B /* SelectionItem.swift */; };
		D3953BE92B6D610700D15B7B /* SelectionGroup.swift in Sources */ = {isa = PBXBuildFile; fileRef = D3953BE82B6D610700D15B7B /* SelectionGroup.swift */; };
		D3953BED2B6D672600D15B7B /* PrimaryButton.swift in Sources */ = {isa = PBXBuildFile; fileRef = D3953BEC2B6D672600D15B7B /* PrimaryButton.swift */; };
		E505F6A92BDC24B400D79FB6 /* SettingsPage.swift in Sources */ = {isa = PBXBuildFile; fileRef = E505F6A82BDC24B400D79FB6 /* SettingsPage.swift */; };
		E511E16F2C39BFE400691EFD /* TimerMinuteSelectionPage.swift in Sources */ = {isa = PBXBuildFile; fileRef = E511E16E2C39BFE400691EFD /* TimerMinuteSelectionPage.swift */; };
		E511E1712C39D1A000691EFD /* AppDelegate.swift in Sources */ = {isa = PBXBuildFile; fileRef = E511E1702C39D1A000691EFD /* AppDelegate.swift */; };
		E57E74092BF5417C000598E7 /* ThemeManager.swift in Sources */ = {isa = PBXBuildFile; fileRef = E57E74082BF5417C000598E7 /* ThemeManager.swift */; };
/* End PBXBuildFile section */

/* Begin PBXContainerItemProxy section */
		D3953B6C2B6D368F00D15B7B /* PBXContainerItemProxy */ = {
			isa = PBXContainerItemProxy;
			containerPortal = D3953B532B6D368A00D15B7B /* Project object */;
			proxyType = 1;
			remoteGlobalIDString = D3953B5A2B6D368A00D15B7B;
			remoteInfo = nomodoro;
		};
		D3953B762B6D368F00D15B7B /* PBXContainerItemProxy */ = {
			isa = PBXContainerItemProxy;
			containerPortal = D3953B532B6D368A00D15B7B /* Project object */;
			proxyType = 1;
			remoteGlobalIDString = D3953B5A2B6D368A00D15B7B;
			remoteInfo = nomodoro;
		};
/* End PBXContainerItemProxy section */

/* Begin PBXFileReference section */
		D32444622B72B3770067E28B /* hedgehog_cookie_1.gif */ = {isa = PBXFileReference; lastKnownFileType = image.gif; path = hedgehog_cookie_1.gif; sourceTree = "<group>"; };
		D32444632B72B3770067E28B /* hedgehog_cookie_2.gif */ = {isa = PBXFileReference; lastKnownFileType = image.gif; path = hedgehog_cookie_2.gif; sourceTree = "<group>"; };
		D32444642B72B3770067E28B /* hedgehog_cookie_3.gif */ = {isa = PBXFileReference; lastKnownFileType = image.gif; path = hedgehog_cookie_3.gif; sourceTree = "<group>"; };
		D32444652B72B3770067E28B /* hedgehog_cookie_4.gif */ = {isa = PBXFileReference; lastKnownFileType = image.gif; path = hedgehog_cookie_4.gif; sourceTree = "<group>"; };
		D32444662B72B3770067E28B /* hedgehog_cookie_5.gif */ = {isa = PBXFileReference; lastKnownFileType = image.gif; path = hedgehog_cookie_5.gif; sourceTree = "<group>"; };
		D324446C2B72B3B80067E28B /* hedgehog_cookie_6.gif */ = {isa = PBXFileReference; lastKnownFileType = image.gif; path = hedgehog_cookie_6.gif; sourceTree = "<group>"; };
		D324446E2B72B6D90067E28B /* hedgehog_ramen_3.gif */ = {isa = PBXFileReference; lastKnownFileType = image.gif; path = hedgehog_ramen_3.gif; sourceTree = "<group>"; };
		D324446F2B72B6D90067E28B /* hedgehog_ramen_5.gif */ = {isa = PBXFileReference; lastKnownFileType = image.gif; path = hedgehog_ramen_5.gif; sourceTree = "<group>"; };
		D32444702B72B6D90067E28B /* hedgehog_ramen_1.gif */ = {isa = PBXFileReference; lastKnownFileType = image.gif; path = hedgehog_ramen_1.gif; sourceTree = "<group>"; };
		D32444712B72B6D90067E28B /* hedgehog_ramen_6.gif */ = {isa = PBXFileReference; lastKnownFileType = image.gif; path = hedgehog_ramen_6.gif; sourceTree = "<group>"; };
		D32444722B72B6D90067E28B /* hedgehog_ramen_4.gif */ = {isa = PBXFileReference; lastKnownFileType = image.gif; path = hedgehog_ramen_4.gif; sourceTree = "<group>"; };
		D32444732B72B6DA0067E28B /* hedgehog_ramen_2.gif */ = {isa = PBXFileReference; lastKnownFileType = image.gif; path = hedgehog_ramen_2.gif; sourceTree = "<group>"; };
		D324447A2B72B6E00067E28B /* hedgehog_cake_5.gif */ = {isa = PBXFileReference; lastKnownFileType = image.gif; path = hedgehog_cake_5.gif; sourceTree = "<group>"; };
		D324447B2B72B6E00067E28B /* hedgehog_cake_1.gif */ = {isa = PBXFileReference; lastKnownFileType = image.gif; path = hedgehog_cake_1.gif; sourceTree = "<group>"; };
		D324447C2B72B6E00067E28B /* hedgehog_cake_4.gif */ = {isa = PBXFileReference; lastKnownFileType = image.gif; path = hedgehog_cake_4.gif; sourceTree = "<group>"; };
		D324447D2B72B6E00067E28B /* hedgehog_cake_6.gif */ = {isa = PBXFileReference; lastKnownFileType = image.gif; path = hedgehog_cake_6.gif; sourceTree = "<group>"; };
		D324447E2B72B6E00067E28B /* hedgehog_cake_3.gif */ = {isa = PBXFileReference; lastKnownFileType = image.gif; path = hedgehog_cake_3.gif; sourceTree = "<group>"; };
		D324447F2B72B6E10067E28B /* hedgehog_cake_7.gif */ = {isa = PBXFileReference; lastKnownFileType = image.gif; path = hedgehog_cake_7.gif; sourceTree = "<group>"; };
		D32444802B72B6E10067E28B /* hedgehog_cake_2.gif */ = {isa = PBXFileReference; lastKnownFileType = image.gif; path = hedgehog_cake_2.gif; sourceTree = "<group>"; };
		D324448C2B72C2D60067E28B /* SwiftUIGIFImage.swift */ = {isa = PBXFileReference; lastKnownFileType = sourcecode.swift; path = SwiftUIGIFImage.swift; sourceTree = "<group>"; };
		D32BA38A2B6D6C8F00CDB911 /* TimerPage.swift */ = {isa = PBXFileReference; lastKnownFileType = sourcecode.swift; path = TimerPage.swift; sourceTree = "<group>"; };
		D32BA38E2B6D78A600CDB911 /* GIFImage.swift */ = {isa = PBXFileReference; lastKnownFileType = sourcecode.swift; path = GIFImage.swift; sourceTree = "<group>"; };
		D32BA3902B6D79B500CDB911 /* hedgehog_pizza_3.gif */ = {isa = PBXFileReference; lastKnownFileType = image.gif; path = hedgehog_pizza_3.gif; sourceTree = "<group>"; };
		D32BA3912B6D79B500CDB911 /* hedgehog_pizza_5.gif */ = {isa = PBXFileReference; lastKnownFileType = image.gif; path = hedgehog_pizza_5.gif; sourceTree = "<group>"; };
		D32BA3922B6D79B500CDB911 /* hedgehog_pizza_6.gif */ = {isa = PBXFileReference; lastKnownFileType = image.gif; path = hedgehog_pizza_6.gif; sourceTree = "<group>"; };
		D32BA3932B6D79B500CDB911 /* hedgehog_pizza_2.gif */ = {isa = PBXFileReference; lastKnownFileType = image.gif; path = hedgehog_pizza_2.gif; sourceTree = "<group>"; };
		D32BA3942B6D79B500CDB911 /* hedgehog_pizza_1.gif */ = {isa = PBXFileReference; lastKnownFileType = image.gif; path = hedgehog_pizza_1.gif; sourceTree = "<group>"; };
		D32BA3952B6D79B500CDB911 /* hedgehog_pizza_4.gif */ = {isa = PBXFileReference; lastKnownFileType = image.gif; path = hedgehog_pizza_4.gif; sourceTree = "<group>"; };
		D35161C42B70EF5500722C56 /* Snack.swift */ = {isa = PBXFileReference; lastKnownFileType = sourcecode.swift; path = Snack.swift; sourceTree = "<group>"; };
		D35161C62B70EF7300722C56 /* Pet.swift */ = {isa = PBXFileReference; lastKnownFileType = sourcecode.swift; path = Pet.swift; sourceTree = "<group>"; };
		D36BF8FD2B6FA0EC00A753DA /* TimerViewModel.swift */ = {isa = PBXFileReference; lastKnownFileType = sourcecode.swift; path = TimerViewModel.swift; sourceTree = "<group>"; };
		D36BF8FF2B6FE8E400A753DA /* CircularTimerView.swift */ = {isa = PBXFileReference; lastKnownFileType = sourcecode.swift; path = CircularTimerView.swift; sourceTree = "<group>"; };
		D3953B5B2B6D368A00D15B7B /* nomodoro.app */ = {isa = PBXFileReference; explicitFileType = wrapper.application; includeInIndex = 0; path = nomodoro.app; sourceTree = BUILT_PRODUCTS_DIR; };
		D3953B5E2B6D368A00D15B7B /* nomodoroApp.swift */ = {isa = PBXFileReference; lastKnownFileType = sourcecode.swift; path = nomodoroApp.swift; sourceTree = "<group>"; };
		D3953B602B6D368A00D15B7B /* ContentView.swift */ = {isa = PBXFileReference; lastKnownFileType = sourcecode.swift; path = ContentView.swift; sourceTree = "<group>"; };
		D3953B622B6D368F00D15B7B /* Assets.xcassets */ = {isa = PBXFileReference; lastKnownFileType = folder.assetcatalog; path = Assets.xcassets; sourceTree = "<group>"; };
		D3953B652B6D368F00D15B7B /* Preview Assets.xcassets */ = {isa = PBXFileReference; lastKnownFileType = folder.assetcatalog; path = "Preview Assets.xcassets"; sourceTree = "<group>"; };
		D3953B6B2B6D368F00D15B7B /* nomodoroTests.xctest */ = {isa = PBXFileReference; explicitFileType = wrapper.cfbundle; includeInIndex = 0; path = nomodoroTests.xctest; sourceTree = BUILT_PRODUCTS_DIR; };
		D3953B6F2B6D368F00D15B7B /* nomodoroTests.swift */ = {isa = PBXFileReference; lastKnownFileType = sourcecode.swift; path = nomodoroTests.swift; sourceTree = "<group>"; };
		D3953B752B6D368F00D15B7B /* nomodoroUITests.xctest */ = {isa = PBXFileReference; explicitFileType = wrapper.cfbundle; includeInIndex = 0; path = nomodoroUITests.xctest; sourceTree = BUILT_PRODUCTS_DIR; };
		D3953B792B6D368F00D15B7B /* nomodoroUITests.swift */ = {isa = PBXFileReference; lastKnownFileType = sourcecode.swift; path = nomodoroUITests.swift; sourceTree = "<group>"; };
		D3953B7B2B6D368F00D15B7B /* nomodoroUITestsLaunchTests.swift */ = {isa = PBXFileReference; lastKnownFileType = sourcecode.swift; path = nomodoroUITestsLaunchTests.swift; sourceTree = "<group>"; };
		D3953B882B6D42EA00D15B7B /* SplashView.swift */ = {isa = PBXFileReference; lastKnownFileType = sourcecode.swift; path = SplashView.swift; sourceTree = "<group>"; };
		D3953BBB2B6D460400D15B7B /* Info.plist */ = {isa = PBXFileReference; lastKnownFileType = text.plist; path = Info.plist; sourceTree = "<group>"; };
		D3953BBE2B6D494800D15B7B /* Montserrat-ExtraLight.ttf */ = {isa = PBXFileReference; lastKnownFileType = file; path = "Montserrat-ExtraLight.ttf"; sourceTree = "<group>"; };
		D3953BBF2B6D494900D15B7B /* Montserrat-Regular.ttf */ = {isa = PBXFileReference; lastKnownFileType = file; path = "Montserrat-Regular.ttf"; sourceTree = "<group>"; };
		D3953BC02B6D494900D15B7B /* Montserrat-MediumItalic.ttf */ = {isa = PBXFileReference; lastKnownFileType = file; path = "Montserrat-MediumItalic.ttf"; sourceTree = "<group>"; };
		D3953BC12B6D494900D15B7B /* Montserrat-LightItalic.ttf */ = {isa = PBXFileReference; lastKnownFileType = file; path = "Montserrat-LightItalic.ttf"; sourceTree = "<group>"; };
		D3953BC22B6D494900D15B7B /* Montserrat-Light.ttf */ = {isa = PBXFileReference; lastKnownFileType = file; path = "Montserrat-Light.ttf"; sourceTree = "<group>"; };
		D3953BC32B6D494900D15B7B /* Montserrat-ThinItalic.ttf */ = {isa = PBXFileReference; lastKnownFileType = file; path = "Montserrat-ThinItalic.ttf"; sourceTree = "<group>"; };
		D3953BC42B6D494900D15B7B /* Montserrat-ExtraLightItalic.ttf */ = {isa = PBXFileReference; lastKnownFileType = file; path = "Montserrat-ExtraLightItalic.ttf"; sourceTree = "<group>"; };
		D3953BC52B6D494900D15B7B /* Montserrat-Bold.ttf */ = {isa = PBXFileReference; lastKnownFileType = file; path = "Montserrat-Bold.ttf"; sourceTree = "<group>"; };
		D3953BC62B6D494900D15B7B /* Montserrat-Medium.ttf */ = {isa = PBXFileReference; lastKnownFileType = file; path = "Montserrat-Medium.ttf"; sourceTree = "<group>"; };
		D3953BC72B6D494900D15B7B /* Montserrat-BoldItalic.ttf */ = {isa = PBXFileReference; lastKnownFileType = file; path = "Montserrat-BoldItalic.ttf"; sourceTree = "<group>"; };
		D3953BC82B6D494900D15B7B /* Montserrat-ExtraBold.ttf */ = {isa = PBXFileReference; lastKnownFileType = file; path = "Montserrat-ExtraBold.ttf"; sourceTree = "<group>"; };
		D3953BC92B6D494900D15B7B /* Montserrat-Black.ttf */ = {isa = PBXFileReference; lastKnownFileType = file; path = "Montserrat-Black.ttf"; sourceTree = "<group>"; };
		D3953BCA2B6D494900D15B7B /* Montserrat-SemiBold.ttf */ = {isa = PBXFileReference; lastKnownFileType = file; name = "Montserrat-SemiBold.ttf"; path = "nomodoro/Fonts/Montserrat-SemiBold.ttf"; sourceTree = SOURCE_ROOT; };
		D3953BCB2B6D494900D15B7B /* Montserrat-ExtraBoldItalic.ttf */ = {isa = PBXFileReference; lastKnownFileType = file; path = "Montserrat-ExtraBoldItalic.ttf"; sourceTree = "<group>"; };
		D3953BCC2B6D494900D15B7B /* Montserrat-SemiBoldItalic.ttf */ = {isa = PBXFileReference; lastKnownFileType = file; path = "Montserrat-SemiBoldItalic.ttf"; sourceTree = "<group>"; };
		D3953BCD2B6D494900D15B7B /* Montserrat-Thin.ttf */ = {isa = PBXFileReference; lastKnownFileType = file; path = "Montserrat-Thin.ttf"; sourceTree = "<group>"; };
		D3953BCE2B6D494900D15B7B /* Montserrat-BlackItalic.ttf */ = {isa = PBXFileReference; lastKnownFileType = file; path = "Montserrat-BlackItalic.ttf"; sourceTree = "<group>"; };
		D3953BCF2B6D494900D15B7B /* Montserrat-Italic.ttf */ = {isa = PBXFileReference; lastKnownFileType = file; path = "Montserrat-Italic.ttf"; sourceTree = "<group>"; };
		D3953BE62B6D5D2F00D15B7B /* SelectionItem.swift */ = {isa = PBXFileReference; lastKnownFileType = sourcecode.swift; path = SelectionItem.swift; sourceTree = "<group>"; };
		D3953BE82B6D610700D15B7B /* SelectionGroup.swift */ = {isa = PBXFileReference; lastKnownFileType = sourcecode.swift; path = SelectionGroup.swift; sourceTree = "<group>"; };
		D3953BEC2B6D672600D15B7B /* PrimaryButton.swift */ = {isa = PBXFileReference; lastKnownFileType = sourcecode.swift; path = PrimaryButton.swift; sourceTree = "<group>"; };
		E505F6A82BDC24B400D79FB6 /* SettingsPage.swift */ = {isa = PBXFileReference; lastKnownFileType = sourcecode.swift; path = SettingsPage.swift; sourceTree = "<group>"; };
		E511E16E2C39BFE400691EFD /* TimerMinuteSelectionPage.swift */ = {isa = PBXFileReference; lastKnownFileType = sourcecode.swift; path = TimerMinuteSelectionPage.swift; sourceTree = "<group>"; };
		E511E1702C39D1A000691EFD /* AppDelegate.swift */ = {isa = PBXFileReference; lastKnownFileType = sourcecode.swift; path = AppDelegate.swift; sourceTree = "<group>"; };
		E57E74082BF5417C000598E7 /* ThemeManager.swift */ = {isa = PBXFileReference; lastKnownFileType = sourcecode.swift; path = ThemeManager.swift; sourceTree = "<group>"; };
/* End PBXFileReference section */

/* Begin PBXFrameworksBuildPhase section */
		D3953B582B6D368A00D15B7B /* Frameworks */ = {
			isa = PBXFrameworksBuildPhase;
			buildActionMask = 2147483647;
			files = (
			);
			runOnlyForDeploymentPostprocessing = 0;
		};
		D3953B682B6D368F00D15B7B /* Frameworks */ = {
			isa = PBXFrameworksBuildPhase;
			buildActionMask = 2147483647;
			files = (
			);
			runOnlyForDeploymentPostprocessing = 0;
		};
		D3953B722B6D368F00D15B7B /* Frameworks */ = {
			isa = PBXFrameworksBuildPhase;
			buildActionMask = 2147483647;
			files = (
			);
			runOnlyForDeploymentPostprocessing = 0;
		};
/* End PBXFrameworksBuildPhase section */

/* Begin PBXGroup section */
		D32BA39D2B6D7EF800CDB911 /* Views */ = {
			isa = PBXGroup;
			children = (
				D32BA38E2B6D78A600CDB911 /* GIFImage.swift */,
				D3953BE62B6D5D2F00D15B7B /* SelectionItem.swift */,
				D3953BE82B6D610700D15B7B /* SelectionGroup.swift */,
				D36BF8FF2B6FE8E400A753DA /* CircularTimerView.swift */,
				D324448C2B72C2D60067E28B /* SwiftUIGIFImage.swift */,
			);
			path = Views;
			sourceTree = "<group>";
		};
		D32BA39E2B6D7F2C00CDB911 /* GIFS */ = {
			isa = PBXGroup;
			children = (
				D324447B2B72B6E00067E28B /* hedgehog_cake_1.gif */,
				D32444802B72B6E10067E28B /* hedgehog_cake_2.gif */,
				D324447E2B72B6E00067E28B /* hedgehog_cake_3.gif */,
				D324447C2B72B6E00067E28B /* hedgehog_cake_4.gif */,
				D324447A2B72B6E00067E28B /* hedgehog_cake_5.gif */,
				D324447D2B72B6E00067E28B /* hedgehog_cake_6.gif */,
				D324447F2B72B6E10067E28B /* hedgehog_cake_7.gif */,
				D32444702B72B6D90067E28B /* hedgehog_ramen_1.gif */,
				D32444732B72B6DA0067E28B /* hedgehog_ramen_2.gif */,
				D324446E2B72B6D90067E28B /* hedgehog_ramen_3.gif */,
				D32444722B72B6D90067E28B /* hedgehog_ramen_4.gif */,
				D324446F2B72B6D90067E28B /* hedgehog_ramen_5.gif */,
				D32444712B72B6D90067E28B /* hedgehog_ramen_6.gif */,
				D324446C2B72B3B80067E28B /* hedgehog_cookie_6.gif */,
				D32444622B72B3770067E28B /* hedgehog_cookie_1.gif */,
				D32444632B72B3770067E28B /* hedgehog_cookie_2.gif */,
				D32444642B72B3770067E28B /* hedgehog_cookie_3.gif */,
				D32444652B72B3770067E28B /* hedgehog_cookie_4.gif */,
				D32444662B72B3770067E28B /* hedgehog_cookie_5.gif */,
				D32BA3942B6D79B500CDB911 /* hedgehog_pizza_1.gif */,
				D32BA3932B6D79B500CDB911 /* hedgehog_pizza_2.gif */,
				D32BA3902B6D79B500CDB911 /* hedgehog_pizza_3.gif */,
				D32BA3952B6D79B500CDB911 /* hedgehog_pizza_4.gif */,
				D32BA3912B6D79B500CDB911 /* hedgehog_pizza_5.gif */,
				D32BA3922B6D79B500CDB911 /* hedgehog_pizza_6.gif */,
			);
			path = GIFS;
			sourceTree = "<group>";
		};
		D32BA39F2B6D7F3D00CDB911 /* Screens */ = {
			isa = PBXGroup;
			children = (
				D32BA38A2B6D6C8F00CDB911 /* TimerPage.swift */,
				D36BF8FD2B6FA0EC00A753DA /* TimerViewModel.swift */,
				E505F6A82BDC24B400D79FB6 /* SettingsPage.swift */,
				E511E16E2C39BFE400691EFD /* TimerMinuteSelectionPage.swift */,
			);
			path = Screens;
			sourceTree = "<group>";
		};
		D35161C32B70EF2A00722C56 /* Enums */ = {
			isa = PBXGroup;
			children = (
				D35161C42B70EF5500722C56 /* Snack.swift */,
				D35161C62B70EF7300722C56 /* Pet.swift */,
			);
			path = Enums;
			sourceTree = "<group>";
		};
		D3953B522B6D368A00D15B7B = {
			isa = PBXGroup;
			children = (
				D3953B5D2B6D368A00D15B7B /* nomodoro */,
				D3953B6E2B6D368F00D15B7B /* nomodoroTests */,
				D3953B782B6D368F00D15B7B /* nomodoroUITests */,
				D3953B5C2B6D368A00D15B7B /* Products */,
			);
			sourceTree = "<group>";
		};
		D3953B5C2B6D368A00D15B7B /* Products */ = {
			isa = PBXGroup;
			children = (
				D3953B5B2B6D368A00D15B7B /* nomodoro.app */,
				D3953B6B2B6D368F00D15B7B /* nomodoroTests.xctest */,
				D3953B752B6D368F00D15B7B /* nomodoroUITests.xctest */,
			);
			name = Products;
			sourceTree = "<group>";
		};
		D3953B5D2B6D368A00D15B7B /* nomodoro */ = {
			isa = PBXGroup;
			children = (
				D35161C32B70EF2A00722C56 /* Enums */,
				D32BA39E2B6D7F2C00CDB911 /* GIFS */,
				D32BA39D2B6D7EF800CDB911 /* Views */,
				D3953BBD2B6D493C00D15B7B /* Fonts */,
				D3953BEA2B6D671100D15B7B /* Styles */,
				D32BA39F2B6D7F3D00CDB911 /* Screens */,
				D3953B5E2B6D368A00D15B7B /* nomodoroApp.swift */,
				D3953B882B6D42EA00D15B7B /* SplashView.swift */,
				D3953B602B6D368A00D15B7B /* ContentView.swift */,
				E57E74082BF5417C000598E7 /* ThemeManager.swift */,
				E511E1702C39D1A000691EFD /* AppDelegate.swift */,
				D3953B622B6D368F00D15B7B /* Assets.xcassets */,
				D3953BBB2B6D460400D15B7B /* Info.plist */,
				D3953B642B6D368F00D15B7B /* Preview Content */,
			);
			path = nomodoro;
			sourceTree = "<group>";
		};
		D3953B642B6D368F00D15B7B /* Preview Content */ = {
			isa = PBXGroup;
			children = (
				D3953B652B6D368F00D15B7B /* Preview Assets.xcassets */,
			);
			path = "Preview Content";
			sourceTree = "<group>";
		};
		D3953B6E2B6D368F00D15B7B /* nomodoroTests */ = {
			isa = PBXGroup;
			children = (
				D3953B6F2B6D368F00D15B7B /* nomodoroTests.swift */,
			);
			path = nomodoroTests;
			sourceTree = "<group>";
		};
		D3953B782B6D368F00D15B7B /* nomodoroUITests */ = {
			isa = PBXGroup;
			children = (
				D3953B792B6D368F00D15B7B /* nomodoroUITests.swift */,
				D3953B7B2B6D368F00D15B7B /* nomodoroUITestsLaunchTests.swift */,
			);
			path = nomodoroUITests;
			sourceTree = "<group>";
		};
		D3953BBD2B6D493C00D15B7B /* Fonts */ = {
			isa = PBXGroup;
			children = (
				D3953BC92B6D494900D15B7B /* Montserrat-Black.ttf */,
				D3953BCE2B6D494900D15B7B /* Montserrat-BlackItalic.ttf */,
				D3953BC52B6D494900D15B7B /* Montserrat-Bold.ttf */,
				D3953BC72B6D494900D15B7B /* Montserrat-BoldItalic.ttf */,
				D3953BC82B6D494900D15B7B /* Montserrat-ExtraBold.ttf */,
				D3953BCB2B6D494900D15B7B /* Montserrat-ExtraBoldItalic.ttf */,
				D3953BBE2B6D494800D15B7B /* Montserrat-ExtraLight.ttf */,
				D3953BC42B6D494900D15B7B /* Montserrat-ExtraLightItalic.ttf */,
				D3953BCF2B6D494900D15B7B /* Montserrat-Italic.ttf */,
				D3953BC22B6D494900D15B7B /* Montserrat-Light.ttf */,
				D3953BC12B6D494900D15B7B /* Montserrat-LightItalic.ttf */,
				D3953BC62B6D494900D15B7B /* Montserrat-Medium.ttf */,
				D3953BC02B6D494900D15B7B /* Montserrat-MediumItalic.ttf */,
				D3953BBF2B6D494900D15B7B /* Montserrat-Regular.ttf */,
				D3953BCA2B6D494900D15B7B /* Montserrat-SemiBold.ttf */,
				D3953BCC2B6D494900D15B7B /* Montserrat-SemiBoldItalic.ttf */,
				D3953BCD2B6D494900D15B7B /* Montserrat-Thin.ttf */,
				D3953BC32B6D494900D15B7B /* Montserrat-ThinItalic.ttf */,
			);
			path = Fonts;
			sourceTree = "<group>";
		};
		D3953BEA2B6D671100D15B7B /* Styles */ = {
			isa = PBXGroup;
			children = (
				D3953BEB2B6D671600D15B7B /* Button */,
			);
			path = Styles;
			sourceTree = "<group>";
		};
		D3953BEB2B6D671600D15B7B /* Button */ = {
			isa = PBXGroup;
			children = (
				D3953BEC2B6D672600D15B7B /* PrimaryButton.swift */,
			);
			path = Button;
			sourceTree = "<group>";
		};
/* End PBXGroup section */

/* Begin PBXNativeTarget section */
		D3953B5A2B6D368A00D15B7B /* nomodoro */ = {
			isa = PBXNativeTarget;
			buildConfigurationList = D3953B7F2B6D368F00D15B7B /* Build configuration list for PBXNativeTarget "nomodoro" */;
			buildPhases = (
				D3953B572B6D368A00D15B7B /* Sources */,
				D3953B582B6D368A00D15B7B /* Frameworks */,
				D3953B592B6D368A00D15B7B /* Resources */,
			);
			buildRules = (
			);
			dependencies = (
			);
			name = nomodoro;
			productName = nomodoro;
			productReference = D3953B5B2B6D368A00D15B7B /* nomodoro.app */;
			productType = "com.apple.product-type.application";
		};
		D3953B6A2B6D368F00D15B7B /* nomodoroTests */ = {
			isa = PBXNativeTarget;
			buildConfigurationList = D3953B822B6D368F00D15B7B /* Build configuration list for PBXNativeTarget "nomodoroTests" */;
			buildPhases = (
				D3953B672B6D368F00D15B7B /* Sources */,
				D3953B682B6D368F00D15B7B /* Frameworks */,
				D3953B692B6D368F00D15B7B /* Resources */,
			);
			buildRules = (
			);
			dependencies = (
				D3953B6D2B6D368F00D15B7B /* PBXTargetDependency */,
			);
			name = nomodoroTests;
			productName = nomodoroTests;
			productReference = D3953B6B2B6D368F00D15B7B /* nomodoroTests.xctest */;
			productType = "com.apple.product-type.bundle.unit-test";
		};
		D3953B742B6D368F00D15B7B /* nomodoroUITests */ = {
			isa = PBXNativeTarget;
			buildConfigurationList = D3953B852B6D368F00D15B7B /* Build configuration list for PBXNativeTarget "nomodoroUITests" */;
			buildPhases = (
				D3953B712B6D368F00D15B7B /* Sources */,
				D3953B722B6D368F00D15B7B /* Frameworks */,
				D3953B732B6D368F00D15B7B /* Resources */,
			);
			buildRules = (
			);
			dependencies = (
				D3953B772B6D368F00D15B7B /* PBXTargetDependency */,
			);
			name = nomodoroUITests;
			productName = nomodoroUITests;
			productReference = D3953B752B6D368F00D15B7B /* nomodoroUITests.xctest */;
			productType = "com.apple.product-type.bundle.ui-testing";
		};
/* End PBXNativeTarget section */

/* Begin PBXProject section */
		D3953B532B6D368A00D15B7B /* Project object */ = {
			isa = PBXProject;
			attributes = {
				BuildIndependentTargetsInParallel = 1;
				LastSwiftUpdateCheck = 1500;
				LastUpgradeCheck = 1500;
				TargetAttributes = {
					D3953B5A2B6D368A00D15B7B = {
						CreatedOnToolsVersion = 15.0;
					};
					D3953B6A2B6D368F00D15B7B = {
						CreatedOnToolsVersion = 15.0;
						TestTargetID = D3953B5A2B6D368A00D15B7B;
					};
					D3953B742B6D368F00D15B7B = {
						CreatedOnToolsVersion = 15.0;
						TestTargetID = D3953B5A2B6D368A00D15B7B;
					};
				};
			};
			buildConfigurationList = D3953B562B6D368A00D15B7B /* Build configuration list for PBXProject "nomodoro" */;
			compatibilityVersion = "Xcode 14.0";
			developmentRegion = en;
			hasScannedForEncodings = 0;
			knownRegions = (
				en,
				Base,
			);
			mainGroup = D3953B522B6D368A00D15B7B;
			productRefGroup = D3953B5C2B6D368A00D15B7B /* Products */;
			projectDirPath = "";
			projectRoot = "";
			targets = (
				D3953B5A2B6D368A00D15B7B /* nomodoro */,
				D3953B6A2B6D368F00D15B7B /* nomodoroTests */,
				D3953B742B6D368F00D15B7B /* nomodoroUITests */,
			);
		};
/* End PBXProject section */

/* Begin PBXResourcesBuildPhase section */
		D3953B592B6D368A00D15B7B /* Resources */ = {
			isa = PBXResourcesBuildPhase;
			buildActionMask = 2147483647;
			files = (
				D3953BDD2B6D4EBD00D15B7B /* Montserrat-LightItalic.ttf in Resources */,
				D32444692B72B3770067E28B /* hedgehog_cookie_3.gif in Resources */,
				D324446D2B72B3B80067E28B /* hedgehog_cookie_6.gif in Resources */,
				D32444852B72B6E10067E28B /* hedgehog_cake_3.gif in Resources */,
				D32BA3962B6D79B500CDB911 /* hedgehog_pizza_3.gif in Resources */,
				D32444872B72B6E10067E28B /* hedgehog_cake_2.gif in Resources */,
				D324446A2B72B3770067E28B /* hedgehog_cookie_4.gif in Resources */,
				D3953BDA2B6D4EBD00D15B7B /* Montserrat-BoldItalic.ttf in Resources */,
				D32444682B72B3770067E28B /* hedgehog_cookie_2.gif in Resources */,
				D32444742B72B6DA0067E28B /* hedgehog_ramen_3.gif in Resources */,
				D32444672B72B3770067E28B /* hedgehog_cookie_1.gif in Resources */,
				D32BA3972B6D79B500CDB911 /* hedgehog_pizza_5.gif in Resources */,
				D32444772B72B6DA0067E28B /* hedgehog_ramen_6.gif in Resources */,
				D3953BDB2B6D4EBD00D15B7B /* Montserrat-BlackItalic.ttf in Resources */,
				D3953BD72B6D4EBD00D15B7B /* Montserrat-MediumItalic.ttf in Resources */,
				D3953BD82B6D4EBD00D15B7B /* Montserrat-SemiBold.ttf in Resources */,
				D32444812B72B6E10067E28B /* hedgehog_cake_5.gif in Resources */,
				D32BA3992B6D79B500CDB911 /* hedgehog_pizza_2.gif in Resources */,
				D32444782B72B6DA0067E28B /* hedgehog_ramen_4.gif in Resources */,
				D3953B662B6D368F00D15B7B /* Preview Assets.xcassets in Resources */,
				D32444862B72B6E10067E28B /* hedgehog_cake_7.gif in Resources */,
				D32BA39B2B6D79B500CDB911 /* hedgehog_pizza_4.gif in Resources */,
				D32BA39A2B6D79B500CDB911 /* hedgehog_pizza_1.gif in Resources */,
				D32444752B72B6DA0067E28B /* hedgehog_ramen_5.gif in Resources */,
				D32444822B72B6E10067E28B /* hedgehog_cake_1.gif in Resources */,
				D3953BE02B6D4EBD00D15B7B /* Montserrat-Italic.ttf in Resources */,
				D32BA3982B6D79B500CDB911 /* hedgehog_pizza_6.gif in Resources */,
				D3953BD62B6D4EBD00D15B7B /* Montserrat-Thin.ttf in Resources */,
				D3953BD32B6D4EBD00D15B7B /* Montserrat-ExtraBold.ttf in Resources */,
				D3953BD42B6D4EBD00D15B7B /* Montserrat-Regular.ttf in Resources */,
				D324446B2B72B3770067E28B /* hedgehog_cookie_5.gif in Resources */,
				D3953BDE2B6D4EBD00D15B7B /* Montserrat-ThinItalic.ttf in Resources */,
				D3953B632B6D368F00D15B7B /* Assets.xcassets in Resources */,
				D3953BD52B6D4EBD00D15B7B /* Montserrat-Light.ttf in Resources */,
				D3953BD92B6D4EBD00D15B7B /* Montserrat-Bold.ttf in Resources */,
				D3953BD12B6D4EBD00D15B7B /* Montserrat-Medium.ttf in Resources */,
				D3953BDC2B6D4EBD00D15B7B /* Montserrat-ExtraBoldItalic.ttf in Resources */,
				D3953BD02B6D4EBD00D15B7B /* Montserrat-ExtraLightItalic.ttf in Resources */,
				D32444762B72B6DA0067E28B /* hedgehog_ramen_1.gif in Resources */,
				D32444792B72B6DA0067E28B /* hedgehog_ramen_2.gif in Resources */,
				D3953BD22B6D4EBD00D15B7B /* Montserrat-ExtraLight.ttf in Resources */,
				D32444842B72B6E10067E28B /* hedgehog_cake_6.gif in Resources */,
				D3953BE12B6D4EBD00D15B7B /* Montserrat-SemiBoldItalic.ttf in Resources */,
				D3953BDF2B6D4EBD00D15B7B /* Montserrat-Black.ttf in Resources */,
				D32444832B72B6E10067E28B /* hedgehog_cake_4.gif in Resources */,
			);
			runOnlyForDeploymentPostprocessing = 0;
		};
		D3953B692B6D368F00D15B7B /* Resources */ = {
			isa = PBXResourcesBuildPhase;
			buildActionMask = 2147483647;
			files = (
			);
			runOnlyForDeploymentPostprocessing = 0;
		};
		D3953B732B6D368F00D15B7B /* Resources */ = {
			isa = PBXResourcesBuildPhase;
			buildActionMask = 2147483647;
			files = (
			);
			runOnlyForDeploymentPostprocessing = 0;
		};
/* End PBXResourcesBuildPhase section */

/* Begin PBXSourcesBuildPhase section */
		D3953B572B6D368A00D15B7B /* Sources */ = {
			isa = PBXSourcesBuildPhase;
			buildActionMask = 2147483647;
			files = (
				D35161C72B70EF7300722C56 /* Pet.swift in Sources */,
				D32BA38B2B6D6C8F00CDB911 /* TimerPage.swift in Sources */,
				E57E74092BF5417C000598E7 /* ThemeManager.swift in Sources */,
				D3953B612B6D368A00D15B7B /* ContentView.swift in Sources */,
				D324448D2B72C2D60067E28B /* SwiftUIGIFImage.swift in Sources */,
				D36BF8FE2B6FA0EC00A753DA /* TimerViewModel.swift in Sources */,
				E505F6A92BDC24B400D79FB6 /* SettingsPage.swift in Sources */,
				D3953B5F2B6D368A00D15B7B /* nomodoroApp.swift in Sources */,
				D35161C52B70EF5500722C56 /* Snack.swift in Sources */,
				D36BF9002B6FE8E400A753DA /* CircularTimerView.swift in Sources */,
				D32BA38F2B6D78A600CDB911 /* GIFImage.swift in Sources */,
				D3953B892B6D42EA00D15B7B /* SplashView.swift in Sources */,
				D3953BED2B6D672600D15B7B /* PrimaryButton.swift in Sources */,
				D3953BE92B6D610700D15B7B /* SelectionGroup.swift in Sources */,
				D3953BE72B6D5D2F00D15B7B /* SelectionItem.swift in Sources */,
				E511E1712C39D1A000691EFD /* AppDelegate.swift in Sources */,
				E511E16F2C39BFE400691EFD /* TimerMinuteSelectionPage.swift in Sources */,
			);
			runOnlyForDeploymentPostprocessing = 0;
		};
		D3953B672B6D368F00D15B7B /* Sources */ = {
			isa = PBXSourcesBuildPhase;
			buildActionMask = 2147483647;
			files = (
				D3953B702B6D368F00D15B7B /* nomodoroTests.swift in Sources */,
			);
			runOnlyForDeploymentPostprocessing = 0;
		};
		D3953B712B6D368F00D15B7B /* Sources */ = {
			isa = PBXSourcesBuildPhase;
			buildActionMask = 2147483647;
			files = (
				D3953B7C2B6D368F00D15B7B /* nomodoroUITestsLaunchTests.swift in Sources */,
				D3953B7A2B6D368F00D15B7B /* nomodoroUITests.swift in Sources */,
			);
			runOnlyForDeploymentPostprocessing = 0;
		};
/* End PBXSourcesBuildPhase section */

/* Begin PBXTargetDependency section */
		D3953B6D2B6D368F00D15B7B /* PBXTargetDependency */ = {
			isa = PBXTargetDependency;
			target = D3953B5A2B6D368A00D15B7B /* nomodoro */;
			targetProxy = D3953B6C2B6D368F00D15B7B /* PBXContainerItemProxy */;
		};
		D3953B772B6D368F00D15B7B /* PBXTargetDependency */ = {
			isa = PBXTargetDependency;
			target = D3953B5A2B6D368A00D15B7B /* nomodoro */;
			targetProxy = D3953B762B6D368F00D15B7B /* PBXContainerItemProxy */;
		};
/* End PBXTargetDependency section */

/* Begin XCBuildConfiguration section */
		D3953B7D2B6D368F00D15B7B /* Debug */ = {
			isa = XCBuildConfiguration;
			buildSettings = {
				ALWAYS_SEARCH_USER_PATHS = NO;
				ASSETCATALOG_COMPILER_GENERATE_SWIFT_ASSET_SYMBOL_EXTENSIONS = YES;
				CLANG_ANALYZER_NONNULL = YES;
				CLANG_ANALYZER_NUMBER_OBJECT_CONVERSION = YES_AGGRESSIVE;
				CLANG_CXX_LANGUAGE_STANDARD = "gnu++20";
				CLANG_ENABLE_MODULES = YES;
				CLANG_ENABLE_OBJC_ARC = YES;
				CLANG_ENABLE_OBJC_WEAK = YES;
				CLANG_WARN_BLOCK_CAPTURE_AUTORELEASING = YES;
				CLANG_WARN_BOOL_CONVERSION = YES;
				CLANG_WARN_COMMA = YES;
				CLANG_WARN_CONSTANT_CONVERSION = YES;
				CLANG_WARN_DEPRECATED_OBJC_IMPLEMENTATIONS = YES;
				CLANG_WARN_DIRECT_OBJC_ISA_USAGE = YES_ERROR;
				CLANG_WARN_DOCUMENTATION_COMMENTS = YES;
				CLANG_WARN_EMPTY_BODY = YES;
				CLANG_WARN_ENUM_CONVERSION = YES;
				CLANG_WARN_INFINITE_RECURSION = YES;
				CLANG_WARN_INT_CONVERSION = YES;
				CLANG_WARN_NON_LITERAL_NULL_CONVERSION = YES;
				CLANG_WARN_OBJC_IMPLICIT_RETAIN_SELF = YES;
				CLANG_WARN_OBJC_LITERAL_CONVERSION = YES;
				CLANG_WARN_OBJC_ROOT_CLASS = YES_ERROR;
				CLANG_WARN_QUOTED_INCLUDE_IN_FRAMEWORK_HEADER = YES;
				CLANG_WARN_RANGE_LOOP_ANALYSIS = YES;
				CLANG_WARN_STRICT_PROTOTYPES = YES;
				CLANG_WARN_SUSPICIOUS_MOVE = YES;
				CLANG_WARN_UNGUARDED_AVAILABILITY = YES_AGGRESSIVE;
				CLANG_WARN_UNREACHABLE_CODE = YES;
				CLANG_WARN__DUPLICATE_METHOD_MATCH = YES;
				COPY_PHASE_STRIP = NO;
				DEBUG_INFORMATION_FORMAT = dwarf;
				ENABLE_STRICT_OBJC_MSGSEND = YES;
				ENABLE_TESTABILITY = YES;
				ENABLE_USER_SCRIPT_SANDBOXING = YES;
				GCC_C_LANGUAGE_STANDARD = gnu17;
				GCC_DYNAMIC_NO_PIC = NO;
				GCC_NO_COMMON_BLOCKS = YES;
				GCC_OPTIMIZATION_LEVEL = 0;
				GCC_PREPROCESSOR_DEFINITIONS = (
					"DEBUG=1",
					"$(inherited)",
				);
				GCC_WARN_64_TO_32_BIT_CONVERSION = YES;
				GCC_WARN_ABOUT_RETURN_TYPE = YES_ERROR;
				GCC_WARN_UNDECLARED_SELECTOR = YES;
				GCC_WARN_UNINITIALIZED_AUTOS = YES_AGGRESSIVE;
				GCC_WARN_UNUSED_FUNCTION = YES;
				GCC_WARN_UNUSED_VARIABLE = YES;
				IPHONEOS_DEPLOYMENT_TARGET = 17.0;
				LOCALIZATION_PREFERS_STRING_CATALOGS = YES;
				MTL_ENABLE_DEBUG_INFO = INCLUDE_SOURCE;
				MTL_FAST_MATH = YES;
				ONLY_ACTIVE_ARCH = YES;
				SDKROOT = iphoneos;
				SWIFT_ACTIVE_COMPILATION_CONDITIONS = "DEBUG $(inherited)";
				SWIFT_OPTIMIZATION_LEVEL = "-Onone";
			};
			name = Debug;
		};
		D3953B7E2B6D368F00D15B7B /* Release */ = {
			isa = XCBuildConfiguration;
			buildSettings = {
				ALWAYS_SEARCH_USER_PATHS = NO;
				ASSETCATALOG_COMPILER_GENERATE_SWIFT_ASSET_SYMBOL_EXTENSIONS = YES;
				CLANG_ANALYZER_NONNULL = YES;
				CLANG_ANALYZER_NUMBER_OBJECT_CONVERSION = YES_AGGRESSIVE;
				CLANG_CXX_LANGUAGE_STANDARD = "gnu++20";
				CLANG_ENABLE_MODULES = YES;
				CLANG_ENABLE_OBJC_ARC = YES;
				CLANG_ENABLE_OBJC_WEAK = YES;
				CLANG_WARN_BLOCK_CAPTURE_AUTORELEASING = YES;
				CLANG_WARN_BOOL_CONVERSION = YES;
				CLANG_WARN_COMMA = YES;
				CLANG_WARN_CONSTANT_CONVERSION = YES;
				CLANG_WARN_DEPRECATED_OBJC_IMPLEMENTATIONS = YES;
				CLANG_WARN_DIRECT_OBJC_ISA_USAGE = YES_ERROR;
				CLANG_WARN_DOCUMENTATION_COMMENTS = YES;
				CLANG_WARN_EMPTY_BODY = YES;
				CLANG_WARN_ENUM_CONVERSION = YES;
				CLANG_WARN_INFINITE_RECURSION = YES;
				CLANG_WARN_INT_CONVERSION = YES;
				CLANG_WARN_NON_LITERAL_NULL_CONVERSION = YES;
				CLANG_WARN_OBJC_IMPLICIT_RETAIN_SELF = YES;
				CLANG_WARN_OBJC_LITERAL_CONVERSION = YES;
				CLANG_WARN_OBJC_ROOT_CLASS = YES_ERROR;
				CLANG_WARN_QUOTED_INCLUDE_IN_FRAMEWORK_HEADER = YES;
				CLANG_WARN_RANGE_LOOP_ANALYSIS = YES;
				CLANG_WARN_STRICT_PROTOTYPES = YES;
				CLANG_WARN_SUSPICIOUS_MOVE = YES;
				CLANG_WARN_UNGUARDED_AVAILABILITY = YES_AGGRESSIVE;
				CLANG_WARN_UNREACHABLE_CODE = YES;
				CLANG_WARN__DUPLICATE_METHOD_MATCH = YES;
				COPY_PHASE_STRIP = NO;
				DEBUG_INFORMATION_FORMAT = "dwarf-with-dsym";
				ENABLE_NS_ASSERTIONS = NO;
				ENABLE_STRICT_OBJC_MSGSEND = YES;
				ENABLE_USER_SCRIPT_SANDBOXING = YES;
				GCC_C_LANGUAGE_STANDARD = gnu17;
				GCC_NO_COMMON_BLOCKS = YES;
				GCC_WARN_64_TO_32_BIT_CONVERSION = YES;
				GCC_WARN_ABOUT_RETURN_TYPE = YES_ERROR;
				GCC_WARN_UNDECLARED_SELECTOR = YES;
				GCC_WARN_UNINITIALIZED_AUTOS = YES_AGGRESSIVE;
				GCC_WARN_UNUSED_FUNCTION = YES;
				GCC_WARN_UNUSED_VARIABLE = YES;
				IPHONEOS_DEPLOYMENT_TARGET = 17.0;
				LOCALIZATION_PREFERS_STRING_CATALOGS = YES;
				MTL_ENABLE_DEBUG_INFO = NO;
				MTL_FAST_MATH = YES;
				SDKROOT = iphoneos;
				SWIFT_COMPILATION_MODE = wholemodule;
				VALIDATE_PRODUCT = YES;
			};
			name = Release;
		};
		D3953B802B6D368F00D15B7B /* Debug */ = {
			isa = XCBuildConfiguration;
			buildSettings = {
				ASSETCATALOG_COMPILER_APPICON_NAME = AppIcon;
				ASSETCATALOG_COMPILER_GLOBAL_ACCENT_COLOR_NAME = AccentColor;
				CODE_SIGN_STYLE = Automatic;
				CURRENT_PROJECT_VERSION = 1;
				DEVELOPMENT_ASSET_PATHS = "\"nomodoro/Preview Content\"";
				DEVELOPMENT_TEAM = XQ795PANJ5;
				ENABLE_PREVIEWS = YES;
				GENERATE_INFOPLIST_FILE = YES;
				INFOPLIST_FILE = nomodoro/Info.plist;
				INFOPLIST_KEY_LSApplicationCategoryType = "";
				INFOPLIST_KEY_UIApplicationSceneManifest_Generation = YES;
				INFOPLIST_KEY_UIApplicationSupportsIndirectInputEvents = YES;
				INFOPLIST_KEY_UILaunchScreen_Generation = YES;
				INFOPLIST_KEY_UISupportedInterfaceOrientations_iPad = "UIInterfaceOrientationPortrait UIInterfaceOrientationPortraitUpsideDown UIInterfaceOrientationLandscapeLeft UIInterfaceOrientationLandscapeRight";
				INFOPLIST_KEY_UISupportedInterfaceOrientations_iPhone = "UIInterfaceOrientationPortrait UIInterfaceOrientationLandscapeLeft UIInterfaceOrientationLandscapeRight";
				LD_RUNPATH_SEARCH_PATHS = (
					"$(inherited)",
					"@executable_path/Frameworks",
				);
				MARKETING_VERSION = 1.0;
				PRODUCT_BUNDLE_IDENTIFIER = com.gokcenacak.nomodoro;
				PRODUCT_NAME = "$(TARGET_NAME)";
				SWIFT_EMIT_LOC_STRINGS = YES;
				SWIFT_VERSION = 5.0;
				TARGETED_DEVICE_FAMILY = "1,2";
			};
			name = Debug;
		};
		D3953B812B6D368F00D15B7B /* Release */ = {
			isa = XCBuildConfiguration;
			buildSettings = {
				ASSETCATALOG_COMPILER_APPICON_NAME = AppIcon;
				ASSETCATALOG_COMPILER_GLOBAL_ACCENT_COLOR_NAME = AccentColor;
				CODE_SIGN_STYLE = Automatic;
				CURRENT_PROJECT_VERSION = 1;
				DEVELOPMENT_ASSET_PATHS = "\"nomodoro/Preview Content\"";
				DEVELOPMENT_TEAM = XQ795PANJ5;
				ENABLE_PREVIEWS = YES;
				GENERATE_INFOPLIST_FILE = YES;
				INFOPLIST_FILE = nomodoro/Info.plist;
				INFOPLIST_KEY_LSApplicationCategoryType = "";
				INFOPLIST_KEY_UIApplicationSceneManifest_Generation = YES;
				INFOPLIST_KEY_UIApplicationSupportsIndirectInputEvents = YES;
				INFOPLIST_KEY_UILaunchScreen_Generation = YES;
				INFOPLIST_KEY_UISupportedInterfaceOrientations_iPad = "UIInterfaceOrientationPortrait UIInterfaceOrientationPortraitUpsideDown UIInterfaceOrientationLandscapeLeft UIInterfaceOrientationLandscapeRight";
				INFOPLIST_KEY_UISupportedInterfaceOrientations_iPhone = "UIInterfaceOrientationPortrait UIInterfaceOrientationLandscapeLeft UIInterfaceOrientationLandscapeRight";
				LD_RUNPATH_SEARCH_PATHS = (
					"$(inherited)",
					"@executable_path/Frameworks",
				);
				MARKETING_VERSION = 1.0;
				PRODUCT_BUNDLE_IDENTIFIER = com.gokcenacak.nomodoro;
				PRODUCT_NAME = "$(TARGET_NAME)";
				SWIFT_EMIT_LOC_STRINGS = YES;
				SWIFT_VERSION = 5.0;
				TARGETED_DEVICE_FAMILY = "1,2";
			};
			name = Release;
		};
		D3953B832B6D368F00D15B7B /* Debug */ = {
			isa = XCBuildConfiguration;
			buildSettings = {
				ALWAYS_EMBED_SWIFT_STANDARD_LIBRARIES = YES;
				BUNDLE_LOADER = "$(TEST_HOST)";
				CODE_SIGN_STYLE = Automatic;
				CURRENT_PROJECT_VERSION = 1;
				DEVELOPMENT_TEAM = XQ795PANJ5;
				GENERATE_INFOPLIST_FILE = YES;
				IPHONEOS_DEPLOYMENT_TARGET = 17.0;
				MARKETING_VERSION = 1.0;
				PRODUCT_BUNDLE_IDENTIFIER = com.gokcenacak.nomodoroTests;
				PRODUCT_NAME = "$(TARGET_NAME)";
				SWIFT_EMIT_LOC_STRINGS = NO;
				SWIFT_VERSION = 5.0;
				TARGETED_DEVICE_FAMILY = "1,2";
				TEST_HOST = "$(BUILT_PRODUCTS_DIR)/nomodoro.app/$(BUNDLE_EXECUTABLE_FOLDER_PATH)/nomodoro";
			};
			name = Debug;
		};
		D3953B842B6D368F00D15B7B /* Release */ = {
			isa = XCBuildConfiguration;
			buildSettings = {
				ALWAYS_EMBED_SWIFT_STANDARD_LIBRARIES = YES;
				BUNDLE_LOADER = "$(TEST_HOST)";
				CODE_SIGN_STYLE = Automatic;
				CURRENT_PROJECT_VERSION = 1;
				DEVELOPMENT_TEAM = XQ795PANJ5;
				GENERATE_INFOPLIST_FILE = YES;
				IPHONEOS_DEPLOYMENT_TARGET = 17.0;
				MARKETING_VERSION = 1.0;
				PRODUCT_BUNDLE_IDENTIFIER = com.gokcenacak.nomodoroTests;
				PRODUCT_NAME = "$(TARGET_NAME)";
				SWIFT_EMIT_LOC_STRINGS = NO;
				SWIFT_VERSION = 5.0;
				TARGETED_DEVICE_FAMILY = "1,2";
				TEST_HOST = "$(BUILT_PRODUCTS_DIR)/nomodoro.app/$(BUNDLE_EXECUTABLE_FOLDER_PATH)/nomodoro";
			};
			name = Release;
		};
		D3953B862B6D368F00D15B7B /* Debug */ = {
			isa = XCBuildConfiguration;
			buildSettings = {
				ALWAYS_EMBED_SWIFT_STANDARD_LIBRARIES = YES;
				CODE_SIGN_STYLE = Automatic;
				CURRENT_PROJECT_VERSION = 1;
				DEVELOPMENT_TEAM = XQ795PANJ5;
				GENERATE_INFOPLIST_FILE = YES;
				MARKETING_VERSION = 1.0;
				PRODUCT_BUNDLE_IDENTIFIER = com.gokcenacak.nomodoroUITests;
				PRODUCT_NAME = "$(TARGET_NAME)";
				SWIFT_EMIT_LOC_STRINGS = NO;
				SWIFT_VERSION = 5.0;
				TARGETED_DEVICE_FAMILY = "1,2";
				TEST_TARGET_NAME = nomodoro;
			};
			name = Debug;
		};
		D3953B872B6D368F00D15B7B /* Release */ = {
			isa = XCBuildConfiguration;
			buildSettings = {
				ALWAYS_EMBED_SWIFT_STANDARD_LIBRARIES = YES;
				CODE_SIGN_STYLE = Automatic;
				CURRENT_PROJECT_VERSION = 1;
				DEVELOPMENT_TEAM = XQ795PANJ5;
				GENERATE_INFOPLIST_FILE = YES;
				MARKETING_VERSION = 1.0;
				PRODUCT_BUNDLE_IDENTIFIER = com.gokcenacak.nomodoroUITests;
				PRODUCT_NAME = "$(TARGET_NAME)";
				SWIFT_EMIT_LOC_STRINGS = NO;
				SWIFT_VERSION = 5.0;
				TARGETED_DEVICE_FAMILY = "1,2";
				TEST_TARGET_NAME = nomodoro;
			};
			name = Release;
		};
/* End XCBuildConfiguration section */

/* Begin XCConfigurationList section */
		D3953B562B6D368A00D15B7B /* Build configuration list for PBXProject "nomodoro" */ = {
			isa = XCConfigurationList;
			buildConfigurations = (
				D3953B7D2B6D368F00D15B7B /* Debug */,
				D3953B7E2B6D368F00D15B7B /* Release */,
			);
			defaultConfigurationIsVisible = 0;
			defaultConfigurationName = Release;
		};
		D3953B7F2B6D368F00D15B7B /* Build configuration list for PBXNativeTarget "nomodoro" */ = {
			isa = XCConfigurationList;
			buildConfigurations = (
				D3953B802B6D368F00D15B7B /* Debug */,
				D3953B812B6D368F00D15B7B /* Release */,
			);
			defaultConfigurationIsVisible = 0;
			defaultConfigurationName = Release;
		};
		D3953B822B6D368F00D15B7B /* Build configuration list for PBXNativeTarget "nomodoroTests" */ = {
			isa = XCConfigurationList;
			buildConfigurations = (
				D3953B832B6D368F00D15B7B /* Debug */,
				D3953B842B6D368F00D15B7B /* Release */,
			);
			defaultConfigurationIsVisible = 0;
			defaultConfigurationName = Release;
		};
		D3953B852B6D368F00D15B7B /* Build configuration list for PBXNativeTarget "nomodoroUITests" */ = {
			isa = XCConfigurationList;
			buildConfigurations = (
				D3953B862B6D368F00D15B7B /* Debug */,
				D3953B872B6D368F00D15B7B /* Release */,
			);
			defaultConfigurationIsVisible = 0;
			defaultConfigurationName = Release;
		};
/* End XCConfigurationList section */
	};
	rootObject = D3953B532B6D368A00D15B7B /* Project object */;
}
